
Microsoft Visual Studio Solution File, Format Version 12.00
# Visual Studio Version 17
VisualStudioVersion = 17.11.35312.102
MinimumVisualStudioVersion = 10.0.40219.1
Project("{9A19103F-16F7-4668-BE54-9A1E7A4F7556}") = "TodoApp(SqLite)", "TodoApp(SqLite)\TodoApp(SqLite).csproj", "{9C8FF8B0-1B69-433E-AB85-DBF7DA37E1BB}"
EndProject
Project("{9A19103F-16F7-4668-BE54-9A1E7A4F7556}") = "PersonalBudgetManager", "PersonalBudgetManager\PersonalBudgetManager.csproj", "{1B5B84AE-299A-4B91-A291-AEBA68F8FAD2}"
EndProject
Project("{FAE04EC0-301F-11D3-BF4B-00C04F79EFBC}") = "DT.Catalog.Service", "DT.Catalog.Service\DT.Catalog.Service.csproj", "{0458F8A2-016C-4EE3-B02E-DA152E8101EA}"
EndProject
Global
	GlobalSection(SolutionConfigurationPlatforms) = preSolution
		Debug|Any CPU = Debug|Any CPU
		Debug|x64 = Debug|x64
		Release|Any CPU = Release|Any CPU
		Release|x64 = Release|x64
	EndGlobalSection
	GlobalSection(ProjectConfigurationPlatforms) = postSolution
		{9C8FF8B0-1B69-433E-AB85-DBF7DA37E1BB}.Debug|Any CPU.ActiveCfg = Debug|Any CPU
		{9C8FF8B0-1B69-433E-AB85-DBF7DA37E1BB}.Debug|Any CPU.Build.0 = Debug|Any CPU
		{9C8FF8B0-1B69-433E-AB85-DBF7DA37E1BB}.Debug|x64.ActiveCfg = Debug|Any CPU
		{9C8FF8B0-1B69-433E-AB85-DBF7DA37E1BB}.Debug|x64.Build.0 = Debug|Any CPU
		{9C8FF8B0-1B69-433E-AB85-DBF7DA37E1BB}.Release|Any CPU.ActiveCfg = Release|Any CPU
		{9C8FF8B0-1B69-433E-AB85-DBF7DA37E1BB}.Release|Any CPU.Build.0 = Release|Any CPU
		{9C8FF8B0-1B69-433E-AB85-DBF7DA37E1BB}.Release|x64.ActiveCfg = Release|Any CPU
		{9C8FF8B0-1B69-433E-AB85-DBF7DA37E1BB}.Release|x64.Build.0 = Release|Any CPU
		{1B5B84AE-299A-4B91-A291-AEBA68F8FAD2}.Debug|Any CPU.ActiveCfg = Debug|Any CPU
		{1B5B84AE-299A-4B91-A291-AEBA68F8FAD2}.Debug|Any CPU.Build.0 = Debug|Any CPU
		{1B5B84AE-299A-4B91-A291-AEBA68F8FAD2}.Debug|x64.ActiveCfg = Debug|Any CPU
		{1B5B84AE-299A-4B91-A291-AEBA68F8FAD2}.Debug|x64.Build.0 = Debug|Any CPU
		{1B5B84AE-299A-4B91-A291-AEBA68F8FAD2}.Release|Any CPU.ActiveCfg = Release|Any CPU
		{1B5B84AE-299A-4B91-A291-AEBA68F8FAD2}.Release|Any CPU.Build.0 = Release|Any CPU
		{1B5B84AE-299A-4B91-A291-AEBA68F8FAD2}.Release|x64.ActiveCfg = Release|Any CPU
		{1B5B84AE-299A-4B91-A291-AEBA68F8FAD2}.Release|x64.Build.0 = Release|Any CPU
		{0458F8A2-016C-4EE3-B02E-DA152E8101EA}.Debug|Any CPU.ActiveCfg = Debug|Any CPU
		{0458F8A2-016C-4EE3-B02E-DA152E8101EA}.Debug|Any CPU.Build.0 = Debug|Any CPU
		{0458F8A2-016C-4EE3-B02E-DA152E8101EA}.Debug|x64.ActiveCfg = Debug|Any CPU
		{0458F8A2-016C-4EE3-B02E-DA152E8101EA}.Debug|x64.Build.0 = Debug|Any CPU
		{0458F8A2-016C-4EE3-B02E-DA152E8101EA}.Release|Any CPU.ActiveCfg = Release|Any CPU
		{0458F8A2-016C-4EE3-B02E-DA152E8101EA}.Release|Any CPU.Build.0 = Release|Any CPU
		{0458F8A2-016C-4EE3-B02E-DA152E8101EA}.Release|x64.ActiveCfg = Release|Any CPU
		{0458F8A2-016C-4EE3-B02E-DA152E8101EA}.Release|x64.Build.0 = Release|Any CPU
	EndGlobalSection
	GlobalSection(SolutionProperties) = preSolution
		HideSolutionNode = FALSE
	EndGlobalSection
	GlobalSection(ExtensibilityGlobals) = postSolution
		SolutionGuid = {4D714962-FAB1-4871-BE46-9AA0AF359C17}
	EndGlobalSection
EndGlobal
