
Microsoft Visual Studio Solution File, Format Version 12.00
# Visual Studio Version 17
VisualStudioVersion = 17.14.36212.18 d17.14
MinimumVisualStudioVersion = 10.0.40219.1
Project("{FAE04EC0-301F-11D3-BF4B-00C04F79EFBC}") = "StandardApiSolution", "StandardApiSolution.csproj", "{AF969005-848F-4F29-8865-F799F242385E}"
EndProject
Project("{FAE04EC0-301F-11D3-BF4B-00C04F79EFBC}") = "KnowledgeBaseApi", "KnowledgeBase\KnowledgeBaseApi.csproj", "{1E5E17BF-D255-B5B4-24C0-165EA1E20476}"
EndProject
Project("{FAE04EC0-301F-11D3-BF4B-00C04F79EFBC}") = "TodoApp", "TodoApp\TodoApp.csproj", "{5480FAA2-4085-4140-B92A-C61C23E9C67A}"
EndProject
Global
	GlobalSection(SolutionConfigurationPlatforms) = preSolution
		Debug|Any CPU = Debug|Any CPU
		Release|Any CPU = Release|Any CPU
	EndGlobalSection
	GlobalSection(ProjectConfigurationPlatforms) = postSolution
		{AF969005-848F-4F29-8865-F799F242385E}.Debug|Any CPU.ActiveCfg = Debug|Any CPU
		{AF969005-848F-4F29-8865-F799F242385E}.Debug|Any CPU.Build.0 = Debug|Any CPU
		{AF969005-848F-4F29-8865-F799F242385E}.Release|Any CPU.ActiveCfg = Release|Any CPU
		{AF969005-848F-4F29-8865-F799F242385E}.Release|Any CPU.Build.0 = Release|Any CPU
		{1E5E17BF-D255-B5B4-24C0-165EA1E20476}.Debug|Any CPU.ActiveCfg = Debug|Any CPU
		{1E5E17BF-D255-B5B4-24C0-165EA1E20476}.Debug|Any CPU.Build.0 = Debug|Any CPU
		{1E5E17BF-D255-B5B4-24C0-165EA1E20476}.Release|Any CPU.ActiveCfg = Release|Any CPU
		{1E5E17BF-D255-B5B4-24C0-165EA1E20476}.Release|Any CPU.Build.0 = Release|Any CPU
		{5480FAA2-4085-4140-B92A-C61C23E9C67A}.Debug|Any CPU.ActiveCfg = Debug|Any CPU
		{5480FAA2-4085-4140-B92A-C61C23E9C67A}.Debug|Any CPU.Build.0 = Debug|Any CPU
		{5480FAA2-4085-4140-B92A-C61C23E9C67A}.Release|Any CPU.ActiveCfg = Release|Any CPU
		{5480FAA2-4085-4140-B92A-C61C23E9C67A}.Release|Any CPU.Build.0 = Release|Any CPU
	EndGlobalSection
	GlobalSection(SolutionProperties) = preSolution
		HideSolutionNode = FALSE
	EndGlobalSection
	GlobalSection(ExtensibilityGlobals) = postSolution
		SolutionGuid = {0993DB69-5B40-46B8-B4F5-DC64C6B8CF8A}
	EndGlobalSection
EndGlobal
