
Microsoft Visual Studio Solution File, Format Version 12.00
# Visual Studio Version 17
VisualStudioVersion = 17.14.36212.18
MinimumVisualStudioVersion = 10.0.40219.1
Project("{FAE04EC0-301F-11D3-BF4B-00C04F79EFBC}") = "Simple MessageConsumer", "Consumer\Simple MessageConsumer.csproj", "{9177A56B-F1F8-4ECD-B907-2A69AA062674}"
EndProject
Project("{FAE04EC0-301F-11D3-BF4B-00C04F79EFBC}") = "SimpleMessageProducer", "Producer\SimpleMessageProducer.csproj", "{7A14C25A-D538-B96B-5201-7C15673AB28D}"
EndProject
Global
	GlobalSection(SolutionConfigurationPlatforms) = preSolution
		Debug|Any CPU = Debug|Any CPU
		Release|Any CPU = Release|Any CPU
	EndGlobalSection
	GlobalSection(ProjectConfigurationPlatforms) = postSolution
		{9177A56B-F1F8-4ECD-B907-2A69AA062674}.Debug|Any CPU.ActiveCfg = Debug|Any CPU
		{9177A56B-F1F8-4ECD-B907-2A69AA062674}.Debug|Any CPU.Build.0 = Debug|Any CPU
		{9177A56B-F1F8-4ECD-B907-2A69AA062674}.Release|Any CPU.ActiveCfg = Release|Any CPU
		{9177A56B-F1F8-4ECD-B907-2A69AA062674}.Release|Any CPU.Build.0 = Release|Any CPU
		{7A14C25A-D538-B96B-5201-7C15673AB28D}.Debug|Any CPU.ActiveCfg = Debug|Any CPU
		{7A14C25A-D538-B96B-5201-7C15673AB28D}.Debug|Any CPU.Build.0 = Debug|Any CPU
		{7A14C25A-D538-B96B-5201-7C15673AB28D}.Release|Any CPU.ActiveCfg = Release|Any CPU
		{7A14C25A-D538-B96B-5201-7C15673AB28D}.Release|Any CPU.Build.0 = Release|Any CPU
	EndGlobalSection
	GlobalSection(SolutionProperties) = preSolution
		HideSolutionNode = FALSE
	EndGlobalSection
	GlobalSection(ExtensibilityGlobals) = postSolution
		SolutionGuid = {CDC317D7-A85E-40F8-A718-3DC6F567292D}
	EndGlobalSection
EndGlobal
